
Microsoft Visual Studio Solution File, Format Version 12.00
# Visual Studio 2013
VisualStudioVersion = 12.0.21005.1
MinimumVisualStudioVersion = 10.0.40219.1
Project("{FAE04EC0-301F-11D3-BF4B-00C04F79EFBC}") = "GCMService", "GCMService\GCMService.csproj", "{0BA9237A-0981-40E6-ABAF-ED6A481C251A}"
EndProject
Global
	GlobalSection(SolutionConfigurationPlatforms) = preSolution
		Debug|Any CPU = Debug|Any CPU
		Release|Any CPU = Release|Any CPU
	EndGlobalSection
	GlobalSection(ProjectConfigurationPlatforms) = postSolution
		{0BA9237A-0981-40E6-ABAF-ED6A481C251A}.Debug|Any CPU.ActiveCfg = Debug|Any CPU
		{0BA9237A-0981-40E6-ABAF-ED6A481C251A}.Debug|Any CPU.Build.0 = Debug|Any CPU
		{0BA9237A-0981-40E6-ABAF-ED6A481C251A}.Release|Any CPU.ActiveCfg = Release|Any CPU
		{0BA9237A-0981-40E6-ABAF-ED6A481C251A}.Release|Any CPU.Build.0 = Release|Any CPU
	EndGlobalSection
	GlobalSection(SolutionProperties) = preSolution
		HideSolutionNode = FALSE
	EndGlobalSection
EndGlobal
